
Microsoft Visual Studio Solution File, Format Version 12.00
# Visual Studio 2013
VisualStudioVersion = 12.0.31101.0
MinimumVisualStudioVersion = 10.0.40219.1
Project("{FAE04EC0-301F-11D3-BF4B-00C04F79EFBC}") = "SysproIntegrationServices.Library", "SysproIntegration.Library\SysproIntegrationServices.Library.csproj", "{B44DAD24-F36E-4696-AD18-68C2E5CF5BEF}"
EndProject
Project("{2150E333-8FDC-42A3-9474-1A3956D46DE8}") = "Library", "Library", "{C441D29B-BCFE-414E-9081-AF6A61D06571}"
EndProject
Project("{2150E333-8FDC-42A3-9474-1A3956D46DE8}") = "UI", "UI", "{3D54F92E-2C70-4BEA-BCAC-20E200105960}"
EndProject
Project("{2150E333-8FDC-42A3-9474-1A3956D46DE8}") = "Tests", "Tests", "{5FD01A32-2CE0-49ED-9896-627DD2B443F1}"
EndProject
Project("{FAE04EC0-301F-11D3-BF4B-00C04F79EFBC}") = "SysproETLDesktopUI", "SysproETLDesktopUI\SysproETLDesktopUI.csproj", "{C358DFA4-ED89-4F51-A50F-3C31A33F92CD}"
EndProject
Project("{2150E333-8FDC-42A3-9474-1A3956D46DE8}") = "Desktop", "Desktop", "{B75D9654-3BEB-43BB-8097-A6A5D10E0664}"
EndProject
Project("{2150E333-8FDC-42A3-9474-1A3956D46DE8}") = "Web", "Web", "{C6EBC499-A196-4C62-8951-13F6642C3ADC}"
EndProject
Global
	GlobalSection(SolutionConfigurationPlatforms) = preSolution
		Debug|Any CPU = Debug|Any CPU
		Release|Any CPU = Release|Any CPU
	EndGlobalSection
	GlobalSection(ProjectConfigurationPlatforms) = postSolution
		{B44DAD24-F36E-4696-AD18-68C2E5CF5BEF}.Debug|Any CPU.ActiveCfg = Debug|Any CPU
		{B44DAD24-F36E-4696-AD18-68C2E5CF5BEF}.Debug|Any CPU.Build.0 = Debug|Any CPU
		{B44DAD24-F36E-4696-AD18-68C2E5CF5BEF}.Release|Any CPU.ActiveCfg = Release|Any CPU
		{B44DAD24-F36E-4696-AD18-68C2E5CF5BEF}.Release|Any CPU.Build.0 = Release|Any CPU
		{C358DFA4-ED89-4F51-A50F-3C31A33F92CD}.Debug|Any CPU.ActiveCfg = Debug|Any CPU
		{C358DFA4-ED89-4F51-A50F-3C31A33F92CD}.Debug|Any CPU.Build.0 = Debug|Any CPU
		{C358DFA4-ED89-4F51-A50F-3C31A33F92CD}.Release|Any CPU.ActiveCfg = Release|Any CPU
		{C358DFA4-ED89-4F51-A50F-3C31A33F92CD}.Release|Any CPU.Build.0 = Release|Any CPU
	EndGlobalSection
	GlobalSection(SolutionProperties) = preSolution
		HideSolutionNode = FALSE
	EndGlobalSection
	GlobalSection(NestedProjects) = preSolution
		{B44DAD24-F36E-4696-AD18-68C2E5CF5BEF} = {C441D29B-BCFE-414E-9081-AF6A61D06571}
		{C358DFA4-ED89-4F51-A50F-3C31A33F92CD} = {B75D9654-3BEB-43BB-8097-A6A5D10E0664}
		{B75D9654-3BEB-43BB-8097-A6A5D10E0664} = {3D54F92E-2C70-4BEA-BCAC-20E200105960}
		{C6EBC499-A196-4C62-8951-13F6642C3ADC} = {3D54F92E-2C70-4BEA-BCAC-20E200105960}
	EndGlobalSection
EndGlobal
